// !$*UTF8*$!
{
	archiveVersion = 1;
	classes = {
	};
	objectVersion = 55;
	objects = {

/* Begin PBXBuildFile section */
		001BA2872858765D0080076D /* Library.swift in Sources */ = {isa = PBXBuildFile; fileRef = 001BA2862858765D0080076D /* Library.swift */; };
		001BA289285BA8460080076D /* UserDefaults.swift in Sources */ = {isa = PBXBuildFile; fileRef = 001BA288285BA8460080076D /* UserDefaults.swift */; };
		001BA28C285CF8740080076D /* URLImage in Frameworks */ = {isa = PBXBuildFile; productRef = 001BA28B285CF8740080076D /* URLImage */; };
		001BA28E285CF8740080076D /* URLImageStore in Frameworks */ = {isa = PBXBuildFile; productRef = 001BA28D285CF8740080076D /* URLImageStore */; };
		003A579F2849CCBE00113A28 /* SDWebImage in Frameworks */ = {isa = PBXBuildFile; productRef = 003A579E2849CCBE00113A28 /* SDWebImage */; };
		003A57A12849CCBE00113A28 /* SDWebImageMapKit in Frameworks */ = {isa = PBXBuildFile; productRef = 003A57A02849CCBE00113A28 /* SDWebImageMapKit */; };
		003A57A4284A7A2200113A28 /* Footer View.swift in Sources */ = {isa = PBXBuildFile; fileRef = 003A57A3284A7A2200113A28 /* Footer View.swift */; };
		003A57A9284DA9F700113A28 /* TrackDetailView.swift in Sources */ = {isa = PBXBuildFile; fileRef = 003A57A8284DA9F700113A28 /* TrackDetailView.swift */; };
		003A5B7828395D2F00538D6E /* AppDelegate.swift in Sources */ = {isa = PBXBuildFile; fileRef = 003A5B7728395D2F00538D6E /* AppDelegate.swift */; };
		003A5B7A28395D2F00538D6E /* SceneDelegate.swift in Sources */ = {isa = PBXBuildFile; fileRef = 003A5B7928395D2F00538D6E /* SceneDelegate.swift */; };
		003A5B7C28395D2F00538D6E /* ViewController.swift in Sources */ = {isa = PBXBuildFile; fileRef = 003A5B7B28395D2F00538D6E /* ViewController.swift */; };
		003A5B7F28395D2F00538D6E /* Main.storyboard in Resources */ = {isa = PBXBuildFile; fileRef = 003A5B7D28395D2F00538D6E /* Main.storyboard */; };
		003A5B8128395D3300538D6E /* Assets.xcassets in Resources */ = {isa = PBXBuildFile; fileRef = 003A5B8028395D3300538D6E /* Assets.xcassets */; };
		003A5B8428395D3300538D6E /* LaunchScreen.storyboard in Resources */ = {isa = PBXBuildFile; fileRef = 003A5B8228395D3300538D6E /* LaunchScreen.storyboard */; };
		003A5B8C28395E0600538D6E /* MainTabBarController.swift in Sources */ = {isa = PBXBuildFile; fileRef = 003A5B8B28395E0600538D6E /* MainTabBarController.swift */; };
		003A5B902839619600538D6E /* SearchMusicViewController.swift in Sources */ = {isa = PBXBuildFile; fileRef = 003A5B8F2839619600538D6E /* SearchMusicViewController.swift */; };
		00601A43284F4C6700E544DC /* CMTime + Extension.swift in Sources */ = {isa = PBXBuildFile; fileRef = 00601A42284F4C6700E544DC /* CMTime + Extension.swift */; };
		00601A452851A86900E544DC /* Nib.swift in Sources */ = {isa = PBXBuildFile; fileRef = 00601A442851A86900E544DC /* Nib.swift */; };
		00758993283CF44A001FE1F5 /* Alamofire in Frameworks */ = {isa = PBXBuildFile; productRef = 00758992283CF44A001FE1F5 /* Alamofire */; };
		00758995283D40E7001FE1F5 /* SearchResponse.swift in Sources */ = {isa = PBXBuildFile; fileRef = 00758994283D40E7001FE1F5 /* SearchResponse.swift */; };
		00758999283E9A79001FE1F5 /* NetworkService.swift in Sources */ = {isa = PBXBuildFile; fileRef = 00758998283E9A79001FE1F5 /* NetworkService.swift */; };
		00CEFDD3283FE68000124273 /* SearchPresenter.swift in Sources */ = {isa = PBXBuildFile; fileRef = 00CEFDCC283FE68000124273 /* SearchPresenter.swift */; };
		00CEFDD4283FE68000124273 /* SearchWorker.swift in Sources */ = {isa = PBXBuildFile; fileRef = 00CEFDCD283FE68000124273 /* SearchWorker.swift */; };
		00CEFDD5283FE68000124273 /* SearchRouter.swift in Sources */ = {isa = PBXBuildFile; fileRef = 00CEFDCE283FE68000124273 /* SearchRouter.swift */; };
		00CEFDD6283FE68000124273 /* SearchModels.swift in Sources */ = {isa = PBXBuildFile; fileRef = 00CEFDCF283FE68000124273 /* SearchModels.swift */; };
		00CEFDD7283FE68000124273 /* SearchViewController.swift in Sources */ = {isa = PBXBuildFile; fileRef = 00CEFDD0283FE68000124273 /* SearchViewController.swift */; };
		00CEFDD8283FE68000124273 /* SearchInteractor.swift in Sources */ = {isa = PBXBuildFile; fileRef = 00CEFDD1283FE68000124273 /* SearchInteractor.swift */; };
		00CEFDDB283FEA8200124273 /* SearchViewController.storyboard in Resources */ = {isa = PBXBuildFile; fileRef = 00CEFDDA283FEA8200124273 /* SearchViewController.storyboard */; };
		00CEFDDD283FEEA100124273 /* UIViewCotroller + StoryBoard.swift in Sources */ = {isa = PBXBuildFile; fileRef = 00CEFDDC283FEEA100124273 /* UIViewCotroller + StoryBoard.swift */; };
		00CEFDE1284494E300124273 /* TrackCell.xib in Resources */ = {isa = PBXBuildFile; fileRef = 00CEFDE0284494E300124273 /* TrackCell.xib */; };
		00CEFDE32844952F00124273 /* TrackCell.swift in Sources */ = {isa = PBXBuildFile; fileRef = 00CEFDE22844952F00124273 /* TrackCell.swift */; };
		00E59597284DB14E00A8DF1C /* TrackDetailView.xib in Resources */ = {isa = PBXBuildFile; fileRef = 00E59596284DB14E00A8DF1C /* TrackDetailView.xib */; };
/* End PBXBuildFile section */

/* Begin PBXFileReference section */
		001BA2862858765D0080076D /* Library.swift */ = {isa = PBXFileReference; lastKnownFileType = sourcecode.swift; path = Library.swift; sourceTree = "<group>"; };
		001BA288285BA8460080076D /* UserDefaults.swift */ = {isa = PBXFileReference; lastKnownFileType = sourcecode.swift; path = UserDefaults.swift; sourceTree = "<group>"; };
		003A57A3284A7A2200113A28 /* Footer View.swift */ = {isa = PBXFileReference; lastKnownFileType = sourcecode.swift; path = "Footer View.swift"; sourceTree = "<group>"; };
		003A57A8284DA9F700113A28 /* TrackDetailView.swift */ = {isa = PBXFileReference; lastKnownFileType = sourcecode.swift; path = TrackDetailView.swift; sourceTree = "<group>"; };
		003A5B7428395D2F00538D6E /* Music Player.app */ = {isa = PBXFileReference; explicitFileType = wrapper.application; includeInIndex = 0; path = "Music Player.app"; sourceTree = BUILT_PRODUCTS_DIR; };
		003A5B7728395D2F00538D6E /* AppDelegate.swift */ = {isa = PBXFileReference; lastKnownFileType = sourcecode.swift; path = AppDelegate.swift; sourceTree = "<group>"; };
		003A5B7928395D2F00538D6E /* SceneDelegate.swift */ = {isa = PBXFileReference; lastKnownFileType = sourcecode.swift; path = SceneDelegate.swift; sourceTree = "<group>"; };
		003A5B7B28395D2F00538D6E /* ViewController.swift */ = {isa = PBXFileReference; lastKnownFileType = sourcecode.swift; path = ViewController.swift; sourceTree = "<group>"; };
		003A5B7E28395D2F00538D6E /* Base */ = {isa = PBXFileReference; lastKnownFileType = file.storyboard; name = Base; path = Base.lproj/Main.storyboard; sourceTree = "<group>"; };
		003A5B8028395D3300538D6E /* Assets.xcassets */ = {isa = PBXFileReference; lastKnownFileType = folder.assetcatalog; path = Assets.xcassets; sourceTree = "<group>"; };
		003A5B8328395D3300538D6E /* Base */ = {isa = PBXFileReference; lastKnownFileType = file.storyboard; name = Base; path = Base.lproj/LaunchScreen.storyboard; sourceTree = "<group>"; };
		003A5B8528395D3300538D6E /* Info.plist */ = {isa = PBXFileReference; lastKnownFileType = text.plist.xml; path = Info.plist; sourceTree = "<group>"; };
		003A5B8B28395E0600538D6E /* MainTabBarController.swift */ = {isa = PBXFileReference; lastKnownFileType = sourcecode.swift; path = MainTabBarController.swift; sourceTree = "<group>"; };
		003A5B8F2839619600538D6E /* SearchMusicViewController.swift */ = {isa = PBXFileReference; lastKnownFileType = sourcecode.swift; path = SearchMusicViewController.swift; sourceTree = "<group>"; };
		00601A42284F4C6700E544DC /* CMTime + Extension.swift */ = {isa = PBXFileReference; lastKnownFileType = sourcecode.swift; path = "CMTime + Extension.swift"; sourceTree = "<group>"; };
		00601A442851A86900E544DC /* Nib.swift */ = {isa = PBXFileReference; lastKnownFileType = sourcecode.swift; path = Nib.swift; sourceTree = "<group>"; };
		00758994283D40E7001FE1F5 /* SearchResponse.swift */ = {isa = PBXFileReference; lastKnownFileType = sourcecode.swift; path = SearchResponse.swift; sourceTree = "<group>"; };
		00758998283E9A79001FE1F5 /* NetworkService.swift */ = {isa = PBXFileReference; lastKnownFileType = sourcecode.swift; path = NetworkService.swift; sourceTree = "<group>"; };
		00CEFDCC283FE68000124273 /* SearchPresenter.swift */ = {isa = PBXFileReference; lastKnownFileType = sourcecode.swift; path = SearchPresenter.swift; sourceTree = "<group>"; };
		00CEFDCD283FE68000124273 /* SearchWorker.swift */ = {isa = PBXFileReference; lastKnownFileType = sourcecode.swift; path = SearchWorker.swift; sourceTree = "<group>"; };
		00CEFDCE283FE68000124273 /* SearchRouter.swift */ = {isa = PBXFileReference; lastKnownFileType = sourcecode.swift; path = SearchRouter.swift; sourceTree = "<group>"; };
		00CEFDCF283FE68000124273 /* SearchModels.swift */ = {isa = PBXFileReference; lastKnownFileType = sourcecode.swift; path = SearchModels.swift; sourceTree = "<group>"; };
		00CEFDD0283FE68000124273 /* SearchViewController.swift */ = {isa = PBXFileReference; lastKnownFileType = sourcecode.swift; path = SearchViewController.swift; sourceTree = "<group>"; };
		00CEFDD1283FE68000124273 /* SearchInteractor.swift */ = {isa = PBXFileReference; lastKnownFileType = sourcecode.swift; path = SearchInteractor.swift; sourceTree = "<group>"; };
		00CEFDDA283FEA8200124273 /* SearchViewController.storyboard */ = {isa = PBXFileReference; lastKnownFileType = file.storyboard; path = SearchViewController.storyboard; sourceTree = "<group>"; };
		00CEFDDC283FEEA100124273 /* UIViewCotroller + StoryBoard.swift */ = {isa = PBXFileReference; lastKnownFileType = sourcecode.swift; path = "UIViewCotroller + StoryBoard.swift"; sourceTree = "<group>"; };
		00CEFDE0284494E300124273 /* TrackCell.xib */ = {isa = PBXFileReference; lastKnownFileType = file.xib; path = TrackCell.xib; sourceTree = "<group>"; };
		00CEFDE22844952F00124273 /* TrackCell.swift */ = {isa = PBXFileReference; lastKnownFileType = sourcecode.swift; path = TrackCell.swift; sourceTree = "<group>"; };
		00E59596284DB14E00A8DF1C /* TrackDetailView.xib */ = {isa = PBXFileReference; lastKnownFileType = file.xib; path = TrackDetailView.xib; sourceTree = "<group>"; };
/* End PBXFileReference section */

/* Begin PBXFrameworksBuildPhase section */
		003A5B7128395D2F00538D6E /* Frameworks */ = {
			isa = PBXFrameworksBuildPhase;
			buildActionMask = 2147483647;
			files = (
				001BA28E285CF8740080076D /* URLImageStore in Frameworks */,
				003A579F2849CCBE00113A28 /* SDWebImage in Frameworks */,
				003A57A12849CCBE00113A28 /* SDWebImageMapKit in Frameworks */,
				001BA28C285CF8740080076D /* URLImage in Frameworks */,
				00758993283CF44A001FE1F5 /* Alamofire in Frameworks */,
			);
			runOnlyForDeploymentPostprocessing = 0;
		};
/* End PBXFrameworksBuildPhase section */

/* Begin PBXGroup section */
		003A57A2284A7A0B00113A28 /* Footer View */ = {
			isa = PBXGroup;
			children = (
				003A57A3284A7A2200113A28 /* Footer View.swift */,
			);
			path = "Footer View";
			sourceTree = "<group>";
		};
		003A57A5284DA9B400113A28 /* TrackDetailView */ = {
			isa = PBXGroup;
			children = (
				00E59596284DB14E00A8DF1C /* TrackDetailView.xib */,
				003A57A8284DA9F700113A28 /* TrackDetailView.swift */,
			);
			path = TrackDetailView;
			sourceTree = "<group>";
		};
		003A5B6B28395D2F00538D6E = {
			isa = PBXGroup;
			children = (
				003A5B7628395D2F00538D6E /* Music Player */,
				003A5B7528395D2F00538D6E /* Products */,
			);
			sourceTree = "<group>";
		};
		003A5B7528395D2F00538D6E /* Products */ = {
			isa = PBXGroup;
			children = (
				003A5B7428395D2F00538D6E /* Music Player.app */,
			);
			name = Products;
			sourceTree = "<group>";
		};
		003A5B7628395D2F00538D6E /* Music Player */ = {
			isa = PBXGroup;
			children = (
				003A5B7728395D2F00538D6E /* AppDelegate.swift */,
				003A5B7928395D2F00538D6E /* SceneDelegate.swift */,
				00CEFDCB283FE5EC00124273 /* Services */,
				003A5B8B28395E0600538D6E /* MainTabBarController.swift */,
				001BA2862858765D0080076D /* Library.swift */,
				0081CC652844C2C0005F9DA8 /* Models */,
				00CEFDBC283FE4F500124273 /* Search */,
				003A5B8F2839619600538D6E /* SearchMusicViewController.swift */,
				003A5B7B28395D2F00538D6E /* ViewController.swift */,
				00CEFDDE283FEF3100124273 /* Helpers */,
				003A5B7D28395D2F00538D6E /* Main.storyboard */,
				003A5B8028395D3300538D6E /* Assets.xcassets */,
				003A5B8228395D3300538D6E /* LaunchScreen.storyboard */,
				003A5B8528395D3300538D6E /* Info.plist */,
			);
			path = "Music Player";
			sourceTree = "<group>";
		};
		0081CC652844C2C0005F9DA8 /* Models */ = {
			isa = PBXGroup;
			children = (
				00758994283D40E7001FE1F5 /* SearchResponse.swift */,
			);
			path = Models;
			sourceTree = "<group>";
		};
		00CEFDBC283FE4F500124273 /* Search */ = {
			isa = PBXGroup;
			children = (
				003A57A5284DA9B400113A28 /* TrackDetailView */,
				003A57A2284A7A0B00113A28 /* Footer View */,
				00CEFDDF284494C300124273 /* Cell */,
				00CEFDDA283FEA8200124273 /* SearchViewController.storyboard */,
				00CEFDD0283FE68000124273 /* SearchViewController.swift */,
				00CEFDD1283FE68000124273 /* SearchInteractor.swift */,
				00CEFDCC283FE68000124273 /* SearchPresenter.swift */,
				00CEFDCF283FE68000124273 /* SearchModels.swift */,
				00CEFDCD283FE68000124273 /* SearchWorker.swift */,
				00CEFDCE283FE68000124273 /* SearchRouter.swift */,
			);
			path = Search;
			sourceTree = "<group>";
		};
		00CEFDCB283FE5EC00124273 /* Services */ = {
			isa = PBXGroup;
			children = (
				00758998283E9A79001FE1F5 /* NetworkService.swift */,
			);
			path = Services;
			sourceTree = "<group>";
		};
		00CEFDDE283FEF3100124273 /* Helpers */ = {
			isa = PBXGroup;
			children = (
				00CEFDDC283FEEA100124273 /* UIViewCotroller + StoryBoard.swift */,
				00601A42284F4C6700E544DC /* CMTime + Extension.swift */,
				00601A442851A86900E544DC /* Nib.swift */,
			);
			path = Helpers;
			sourceTree = "<group>";
		};
		00CEFDDF284494C300124273 /* Cell */ = {
			isa = PBXGroup;
			children = (
				00CEFDE0284494E300124273 /* TrackCell.xib */,
				00CEFDE22844952F00124273 /* TrackCell.swift */,
				001BA288285BA8460080076D /* UserDefaults.swift */,
			);
			path = Cell;
			sourceTree = "<group>";
		};
/* End PBXGroup section */

/* Begin PBXNativeTarget section */
		003A5B7328395D2F00538D6E /* Music Player */ = {
			isa = PBXNativeTarget;
			buildConfigurationList = 003A5B8828395D3300538D6E /* Build configuration list for PBXNativeTarget "Music Player" */;
			buildPhases = (
				003A5B7028395D2F00538D6E /* Sources */,
				003A5B7128395D2F00538D6E /* Frameworks */,
				003A5B7228395D2F00538D6E /* Resources */,
			);
			buildRules = (
			);
			dependencies = (
			);
			name = "Music Player";
			packageProductDependencies = (
				00758992283CF44A001FE1F5 /* Alamofire */,
				003A579E2849CCBE00113A28 /* SDWebImage */,
				003A57A02849CCBE00113A28 /* SDWebImageMapKit */,
				001BA28B285CF8740080076D /* URLImage */,
				001BA28D285CF8740080076D /* URLImageStore */,
			);
			productName = "Music Player";
			productReference = 003A5B7428395D2F00538D6E /* Music Player.app */;
			productType = "com.apple.product-type.application";
		};
/* End PBXNativeTarget section */

/* Begin PBXProject section */
		003A5B6C28395D2F00538D6E /* Project object */ = {
			isa = PBXProject;
			attributes = {
				BuildIndependentTargetsInParallel = 1;
				LastSwiftUpdateCheck = 1330;
				LastUpgradeCheck = 1330;
				TargetAttributes = {
					003A5B7328395D2F00538D6E = {
						CreatedOnToolsVersion = 13.3.1;
					};
				};
			};
			buildConfigurationList = 003A5B6F28395D2F00538D6E /* Build configuration list for PBXProject "Music Player" */;
			compatibilityVersion = "Xcode 13.0";
			developmentRegion = en;
			hasScannedForEncodings = 0;
			knownRegions = (
				en,
				Base,
			);
			mainGroup = 003A5B6B28395D2F00538D6E;
			packageReferences = (
				00758991283CF449001FE1F5 /* XCRemoteSwiftPackageReference "Alamofire" */,
				003A579D2849CCBE00113A28 /* XCRemoteSwiftPackageReference "SDWebImage" */,
				001BA28A285CF8730080076D /* XCRemoteSwiftPackageReference "url-image" */,
			);
			productRefGroup = 003A5B7528395D2F00538D6E /* Products */;
			projectDirPath = "";
			projectRoot = "";
			targets = (
				003A5B7328395D2F00538D6E /* Music Player */,
			);
		};
/* End PBXProject section */

/* Begin PBXResourcesBuildPhase section */
		003A5B7228395D2F00538D6E /* Resources */ = {
			isa = PBXResourcesBuildPhase;
			buildActionMask = 2147483647;
			files = (
				003A5B8428395D3300538D6E /* LaunchScreen.storyboard in Resources */,
				00E59597284DB14E00A8DF1C /* TrackDetailView.xib in Resources */,
				00CEFDE1284494E300124273 /* TrackCell.xib in Resources */,
				003A5B8128395D3300538D6E /* Assets.xcassets in Resources */,
				00CEFDDB283FEA8200124273 /* SearchViewController.storyboard in Resources */,
				003A5B7F28395D2F00538D6E /* Main.storyboard in Resources */,
			);
			runOnlyForDeploymentPostprocessing = 0;
		};
/* End PBXResourcesBuildPhase section */

/* Begin PBXSourcesBuildPhase section */
		003A5B7028395D2F00538D6E /* Sources */ = {
			isa = PBXSourcesBuildPhase;
			buildActionMask = 2147483647;
			files = (
				003A5B902839619600538D6E /* SearchMusicViewController.swift in Sources */,
				003A5B7C28395D2F00538D6E /* ViewController.swift in Sources */,
				00CEFDDD283FEEA100124273 /* UIViewCotroller + StoryBoard.swift in Sources */,
				00758995283D40E7001FE1F5 /* SearchResponse.swift in Sources */,
				00CEFDD8283FE68000124273 /* SearchInteractor.swift in Sources */,
				001BA289285BA8460080076D /* UserDefaults.swift in Sources */,
				00CEFDE32844952F00124273 /* TrackCell.swift in Sources */,
				00601A43284F4C6700E544DC /* CMTime + Extension.swift in Sources */,
				003A57A4284A7A2200113A28 /* Footer View.swift in Sources */,
				00601A452851A86900E544DC /* Nib.swift in Sources */,
				003A5B7828395D2F00538D6E /* AppDelegate.swift in Sources */,
				003A5B8C28395E0600538D6E /* MainTabBarController.swift in Sources */,
				00CEFDD4283FE68000124273 /* SearchWorker.swift in Sources */,
				00CEFDD7283FE68000124273 /* SearchViewController.swift in Sources */,
				00CEFDD5283FE68000124273 /* SearchRouter.swift in Sources */,
				00CEFDD6283FE68000124273 /* SearchModels.swift in Sources */,
				003A5B7A28395D2F00538D6E /* SceneDelegate.swift in Sources */,
				00CEFDD3283FE68000124273 /* SearchPresenter.swift in Sources */,
				001BA2872858765D0080076D /* Library.swift in Sources */,
				003A57A9284DA9F700113A28 /* TrackDetailView.swift in Sources */,
				00758999283E9A79001FE1F5 /* NetworkService.swift in Sources */,
			);
			runOnlyForDeploymentPostprocessing = 0;
		};
/* End PBXSourcesBuildPhase section */

/* Begin PBXVariantGroup section */
		003A5B7D28395D2F00538D6E /* Main.storyboard */ = {
			isa = PBXVariantGroup;
			children = (
				003A5B7E28395D2F00538D6E /* Base */,
			);
			name = Main.storyboard;
			sourceTree = "<group>";
		};
		003A5B8228395D3300538D6E /* LaunchScreen.storyboard */ = {
			isa = PBXVariantGroup;
			children = (
				003A5B8328395D3300538D6E /* Base */,
			);
			name = LaunchScreen.storyboard;
			sourceTree = "<group>";
		};
/* End PBXVariantGroup section */

/* Begin XCBuildConfiguration section */
		003A5B8628395D3300538D6E /* Debug */ = {
			isa = XCBuildConfiguration;
			buildSettings = {
				ALWAYS_SEARCH_USER_PATHS = NO;
				CLANG_ANALYZER_NONNULL = YES;
				CLANG_ANALYZER_NUMBER_OBJECT_CONVERSION = YES_AGGRESSIVE;
				CLANG_CXX_LANGUAGE_STANDARD = "gnu++17";
				CLANG_ENABLE_MODULES = YES;
				CLANG_ENABLE_OBJC_ARC = YES;
				CLANG_ENABLE_OBJC_WEAK = YES;
				CLANG_WARN_BLOCK_CAPTURE_AUTORELEASING = YES;
				CLANG_WARN_BOOL_CONVERSION = YES;
				CLANG_WARN_COMMA = YES;
				CLANG_WARN_CONSTANT_CONVERSION = YES;
				CLANG_WARN_DEPRECATED_OBJC_IMPLEMENTATIONS = YES;
				CLANG_WARN_DIRECT_OBJC_ISA_USAGE = YES_ERROR;
				CLANG_WARN_DOCUMENTATION_COMMENTS = YES;
				CLANG_WARN_EMPTY_BODY = YES;
				CLANG_WARN_ENUM_CONVERSION = YES;
				CLANG_WARN_INFINITE_RECURSION = YES;
				CLANG_WARN_INT_CONVERSION = YES;
				CLANG_WARN_NON_LITERAL_NULL_CONVERSION = YES;
				CLANG_WARN_OBJC_IMPLICIT_RETAIN_SELF = YES;
				CLANG_WARN_OBJC_LITERAL_CONVERSION = YES;
				CLANG_WARN_OBJC_ROOT_CLASS = YES_ERROR;
				CLANG_WARN_QUOTED_INCLUDE_IN_FRAMEWORK_HEADER = YES;
				CLANG_WARN_RANGE_LOOP_ANALYSIS = YES;
				CLANG_WARN_STRICT_PROTOTYPES = YES;
				CLANG_WARN_SUSPICIOUS_MOVE = YES;
				CLANG_WARN_UNGUARDED_AVAILABILITY = YES_AGGRESSIVE;
				CLANG_WARN_UNREACHABLE_CODE = YES;
				CLANG_WARN__DUPLICATE_METHOD_MATCH = YES;
				COPY_PHASE_STRIP = NO;
				DEBUG_INFORMATION_FORMAT = dwarf;
				ENABLE_STRICT_OBJC_MSGSEND = YES;
				ENABLE_TESTABILITY = YES;
				GCC_C_LANGUAGE_STANDARD = gnu11;
				GCC_DYNAMIC_NO_PIC = NO;
				GCC_NO_COMMON_BLOCKS = YES;
				GCC_OPTIMIZATION_LEVEL = 0;
				GCC_PREPROCESSOR_DEFINITIONS = (
					"DEBUG=1",
					"$(inherited)",
				);
				GCC_WARN_64_TO_32_BIT_CONVERSION = YES;
				GCC_WARN_ABOUT_RETURN_TYPE = YES_ERROR;
				GCC_WARN_UNDECLARED_SELECTOR = YES;
				GCC_WARN_UNINITIALIZED_AUTOS = YES_AGGRESSIVE;
				GCC_WARN_UNUSED_FUNCTION = YES;
				GCC_WARN_UNUSED_VARIABLE = YES;
				IPHONEOS_DEPLOYMENT_TARGET = 15.4;
				MTL_ENABLE_DEBUG_INFO = INCLUDE_SOURCE;
				MTL_FAST_MATH = YES;
				ONLY_ACTIVE_ARCH = YES;
				SDKROOT = iphoneos;
				SWIFT_ACTIVE_COMPILATION_CONDITIONS = DEBUG;
				SWIFT_OPTIMIZATION_LEVEL = "-Onone";
			};
			name = Debug;
		};
		003A5B8728395D3300538D6E /* Release */ = {
			isa = XCBuildConfiguration;
			buildSettings = {
				ALWAYS_SEARCH_USER_PATHS = NO;
				CLANG_ANALYZER_NONNULL = YES;
				CLANG_ANALYZER_NUMBER_OBJECT_CONVERSION = YES_AGGRESSIVE;
				CLANG_CXX_LANGUAGE_STANDARD = "gnu++17";
				CLANG_ENABLE_MODULES = YES;
				CLANG_ENABLE_OBJC_ARC = YES;
				CLANG_ENABLE_OBJC_WEAK = YES;
				CLANG_WARN_BLOCK_CAPTURE_AUTORELEASING = YES;
				CLANG_WARN_BOOL_CONVERSION = YES;
				CLANG_WARN_COMMA = YES;
				CLANG_WARN_CONSTANT_CONVERSION = YES;
				CLANG_WARN_DEPRECATED_OBJC_IMPLEMENTATIONS = YES;
				CLANG_WARN_DIRECT_OBJC_ISA_USAGE = YES_ERROR;
				CLANG_WARN_DOCUMENTATION_COMMENTS = YES;
				CLANG_WARN_EMPTY_BODY = YES;
				CLANG_WARN_ENUM_CONVERSION = YES;
				CLANG_WARN_INFINITE_RECURSION = YES;
				CLANG_WARN_INT_CONVERSION = YES;
				CLANG_WARN_NON_LITERAL_NULL_CONVERSION = YES;
				CLANG_WARN_OBJC_IMPLICIT_RETAIN_SELF = YES;
				CLANG_WARN_OBJC_LITERAL_CONVERSION = YES;
				CLANG_WARN_OBJC_ROOT_CLASS = YES_ERROR;
				CLANG_WARN_QUOTED_INCLUDE_IN_FRAMEWORK_HEADER = YES;
				CLANG_WARN_RANGE_LOOP_ANALYSIS = YES;
				CLANG_WARN_STRICT_PROTOTYPES = YES;
				CLANG_WARN_SUSPICIOUS_MOVE = YES;
				CLANG_WARN_UNGUARDED_AVAILABILITY = YES_AGGRESSIVE;
				CLANG_WARN_UNREACHABLE_CODE = YES;
				CLANG_WARN__DUPLICATE_METHOD_MATCH = YES;
				COPY_PHASE_STRIP = NO;
				DEBUG_INFORMATION_FORMAT = "dwarf-with-dsym";
				ENABLE_NS_ASSERTIONS = NO;
				ENABLE_STRICT_OBJC_MSGSEND = YES;
				GCC_C_LANGUAGE_STANDARD = gnu11;
				GCC_NO_COMMON_BLOCKS = YES;
				GCC_WARN_64_TO_32_BIT_CONVERSION = YES;
				GCC_WARN_ABOUT_RETURN_TYPE = YES_ERROR;
				GCC_WARN_UNDECLARED_SELECTOR = YES;
				GCC_WARN_UNINITIALIZED_AUTOS = YES_AGGRESSIVE;
				GCC_WARN_UNUSED_FUNCTION = YES;
				GCC_WARN_UNUSED_VARIABLE = YES;
				IPHONEOS_DEPLOYMENT_TARGET = 15.4;
				MTL_ENABLE_DEBUG_INFO = NO;
				MTL_FAST_MATH = YES;
				SDKROOT = iphoneos;
				SWIFT_COMPILATION_MODE = wholemodule;
				SWIFT_OPTIMIZATION_LEVEL = "-O";
				VALIDATE_PRODUCT = YES;
			};
			name = Release;
		};
		003A5B8928395D3300538D6E /* Debug */ = {
			isa = XCBuildConfiguration;
			buildSettings = {
				ASSETCATALOG_COMPILER_APPICON_NAME = AppIcon;
				ASSETCATALOG_COMPILER_GLOBAL_ACCENT_COLOR_NAME = AccentColor;
				CODE_SIGN_IDENTITY = "Apple Development";
				CODE_SIGN_STYLE = Automatic;
				CURRENT_PROJECT_VERSION = 1;
				DEVELOPMENT_TEAM = SPBFA5A677;
				GENERATE_INFOPLIST_FILE = YES;
				INFOPLIST_FILE = "Music Player/Info.plist";
				INFOPLIST_KEY_UIApplicationSupportsIndirectInputEvents = YES;
				INFOPLIST_KEY_UILaunchStoryboardName = LaunchScreen;
				INFOPLIST_KEY_UIMainStoryboardFile = Main;
				INFOPLIST_KEY_UISupportedInterfaceOrientations = UIInterfaceOrientationPortrait;
				INFOPLIST_KEY_UISupportedInterfaceOrientations_iPad = "UIInterfaceOrientationPortrait UIInterfaceOrientationPortraitUpsideDown UIInterfaceOrientationLandscapeLeft UIInterfaceOrientationLandscapeRight";
				INFOPLIST_KEY_UISupportedInterfaceOrientations_iPhone = "UIInterfaceOrientationPortrait UIInterfaceOrientationLandscapeLeft UIInterfaceOrientationLandscapeRight";
				IPHONEOS_DEPLOYMENT_TARGET = 15.5;
				LD_RUNPATH_SEARCH_PATHS = (
					"$(inherited)",
					"@executable_path/Frameworks",
				);
				MARKETING_VERSION = 1.0;
				PRODUCT_BUNDLE_IDENTIFIER = "FilGudInc.Music-Player";
				PRODUCT_NAME = "$(TARGET_NAME)";
				PROVISIONING_PROFILE_SPECIFIER = "";
				SWIFT_EMIT_LOC_STRINGS = YES;
				SWIFT_VERSION = 5.0;
				TARGETED_DEVICE_FAMILY = 1;
			};
			name = Debug;
		};
		003A5B8A28395D3300538D6E /* Release */ = {
			isa = XCBuildConfiguration;
			buildSettings = {
				ASSETCATALOG_COMPILER_APPICON_NAME = AppIcon;
				ASSETCATALOG_COMPILER_GLOBAL_ACCENT_COLOR_NAME = AccentColor;
				CODE_SIGN_IDENTITY = "Apple Development";
				CODE_SIGN_STYLE = Automatic;
				CURRENT_PROJECT_VERSION = 1;
				DEVELOPMENT_TEAM = SPBFA5A677;
				GENERATE_INFOPLIST_FILE = YES;
				INFOPLIST_FILE = "Music Player/Info.plist";
				INFOPLIST_KEY_UIApplicationSupportsIndirectInputEvents = YES;
				INFOPLIST_KEY_UILaunchStoryboardName = LaunchScreen;
				INFOPLIST_KEY_UIMainStoryboardFile = Main;
				INFOPLIST_KEY_UISupportedInterfaceOrientations = UIInterfaceOrientationPortrait;
				INFOPLIST_KEY_UISupportedInterfaceOrientations_iPad = "UIInterfaceOrientationPortrait UIInterfaceOrientationPortraitUpsideDown UIInterfaceOrientationLandscapeLeft UIInterfaceOrientationLandscapeRight";
				INFOPLIST_KEY_UISupportedInterfaceOrientations_iPhone = "UIInterfaceOrientationPortrait UIInterfaceOrientationLandscapeLeft UIInterfaceOrientationLandscapeRight";
				IPHONEOS_DEPLOYMENT_TARGET = 15.5;
				LD_RUNPATH_SEARCH_PATHS = (
					"$(inherited)",
					"@executable_path/Frameworks",
				);
				MARKETING_VERSION = 1.0;
				PRODUCT_BUNDLE_IDENTIFIER = "FilGudInc.Music-Player";
				PRODUCT_NAME = "$(TARGET_NAME)";
				PROVISIONING_PROFILE_SPECIFIER = "";
				SWIFT_EMIT_LOC_STRINGS = YES;
				SWIFT_VERSION = 5.0;
				TARGETED_DEVICE_FAMILY = 1;
			};
			name = Release;
		};
/* End XCBuildConfiguration section */

/* Begin XCConfigurationList section */
		003A5B6F28395D2F00538D6E /* Build configuration list for PBXProject "Music Player" */ = {
			isa = XCConfigurationList;
			buildConfigurations = (
				003A5B8628395D3300538D6E /* Debug */,
				003A5B8728395D3300538D6E /* Release */,
			);
			defaultConfigurationIsVisible = 0;
			defaultConfigurationName = Release;
		};
		003A5B8828395D3300538D6E /* Build configuration list for PBXNativeTarget "Music Player" */ = {
			isa = XCConfigurationList;
			buildConfigurations = (
				003A5B8928395D3300538D6E /* Debug */,
				003A5B8A28395D3300538D6E /* Release */,
			);
			defaultConfigurationIsVisible = 0;
			defaultConfigurationName = Release;
		};
/* End XCConfigurationList section */

/* Begin XCRemoteSwiftPackageReference section */
		001BA28A285CF8730080076D /* XCRemoteSwiftPackageReference "url-image" */ = {
			isa = XCRemoteSwiftPackageReference;
			repositoryURL = "https://github.com/dmytro-anokhin/url-image";
			requirement = {
				kind = upToNextMajorVersion;
				minimumVersion = 3.0.0;
			};
		};
		003A579D2849CCBE00113A28 /* XCRemoteSwiftPackageReference "SDWebImage" */ = {
			isa = XCRemoteSwiftPackageReference;
			repositoryURL = "https://github.com/SDWebImage/SDWebImage.git";
			requirement = {
				kind = upToNextMajorVersion;
				minimumVersion = 5.0.0;
			};
		};
		00758991283CF449001FE1F5 /* XCRemoteSwiftPackageReference "Alamofire" */ = {
			isa = XCRemoteSwiftPackageReference;
			repositoryURL = "https://github.com/Alamofire/Alamofire.git";
			requirement = {
				kind = upToNextMajorVersion;
				minimumVersion = 5.0.0;
			};
		};
/* End XCRemoteSwiftPackageReference section */

/* Begin XCSwiftPackageProductDependency section */
		001BA28B285CF8740080076D /* URLImage */ = {
			isa = XCSwiftPackageProductDependency;
			package = 001BA28A285CF8730080076D /* XCRemoteSwiftPackageReference "url-image" */;
			productName = URLImage;
		};
		001BA28D285CF8740080076D /* URLImageStore */ = {
			isa = XCSwiftPackageProductDependency;
			package = 001BA28A285CF8730080076D /* XCRemoteSwiftPackageReference "url-image" */;
			productName = URLImageStore;
		};
		003A579E2849CCBE00113A28 /* SDWebImage */ = {
			isa = XCSwiftPackageProductDependency;
			package = 003A579D2849CCBE00113A28 /* XCRemoteSwiftPackageReference "SDWebImage" */;
			productName = SDWebImage;
		};
		003A57A02849CCBE00113A28 /* SDWebImageMapKit */ = {
			isa = XCSwiftPackageProductDependency;
			package = 003A579D2849CCBE00113A28 /* XCRemoteSwiftPackageReference "SDWebImage" */;
			productName = SDWebImageMapKit;
		};
		00758992283CF44A001FE1F5 /* Alamofire */ = {
			isa = XCSwiftPackageProductDependency;
			package = 00758991283CF449001FE1F5 /* XCRemoteSwiftPackageReference "Alamofire" */;
			productName = Alamofire;
		};
/* End XCSwiftPackageProductDependency section */
	};
	rootObject = 003A5B6C28395D2F00538D6E /* Project object */;
}
